
Microsoft Visual Studio Solution File, Format Version 12.00
# Visual Studio Version 17
VisualStudioVersion = 17.13.35919.96 d17.13
MinimumVisualStudioVersion = 10.0.40219.1
Project("{FAE04EC0-301F-11D3-BF4B-00C04F79EFBC}") = "lab_10", "lab_10\lab_10.csproj", "{D9D998BD-E7E4-4ED3-A5C7-DDE757034AAD}"
EndProject
Global
	GlobalSection(SolutionConfigurationPlatforms) = preSolution
		Debug|Any CPU = Debug|Any CPU
		Release|Any CPU = Release|Any CPU
	EndGlobalSection
	GlobalSection(ProjectConfigurationPlatforms) = postSolution
		{D9D998BD-E7E4-4ED3-A5C7-DDE757034AAD}.Debug|Any CPU.ActiveCfg = Debug|Any CPU
		{D9D998BD-E7E4-4ED3-A5C7-DDE757034AAD}.Debug|Any CPU.Build.0 = Debug|Any CPU
		{D9D998BD-E7E4-4ED3-A5C7-DDE757034AAD}.Release|Any CPU.ActiveCfg = Release|Any CPU
		{D9D998BD-E7E4-4ED3-A5C7-DDE757034AAD}.Release|Any CPU.Build.0 = Release|Any CPU
	EndGlobalSection
	GlobalSection(SolutionProperties) = preSolution
		HideSolutionNode = FALSE
	EndGlobalSection
	GlobalSection(ExtensibilityGlobals) = postSolution
		SolutionGuid = {9EB142DB-A4B1-4513-BB24-C70CDEC019A8}
	EndGlobalSection
EndGlobal
